<?xml version="1.0" encoding="UTF-8" standalone="yes" ?>
<CodeBlocks_project_file>
	<FileVersion major="1" minor="6" />
	<Project>
		<Option title="ProyectoDos" />
		<Option pch_mode="2" />
		<Option compiler="gcc" />
		<Build>
			<Target title="Debug">
				<Option output="bin/Debug/ProyectoDos" prefix_auto="1" extension_auto="1" />
				<Option working_dir="C:/Program Files/CodeBlocks/MinGW/bin" />
				<Option object_output="obj/Debug/" />
				<Option type="1" />
				<Option compiler="gcc" />
				<Compiler>
					<Add option="-g" />
				</Compiler>
			</Target>
			<Target title="Release">
				<Option output="bin/Release/ProyectoDos" prefix_auto="1" extension_auto="1" />
				<Option working_dir="C:/Program Files/CodeBlocks/MinGW/bin" />
				<Option object_output="obj/Release/" />
				<Option type="0" />
				<Option compiler="gcc" />
				<Compiler>
					<Add option="-O2" />
				</Compiler>
				<Linker>
					<Add option="-s" />
				</Linker>
			</Target>
		</Build>
		<Compiler>
			<Add option="-Wall" />
			<Add directory="C:/Program Files/CodeBlocks/MinGW/include" />
		</Compiler>
		<Linker>
			<Add library="freeglut" />
			<Add library="opengl32" />
			<Add library="glu32" />
			<Add library="winmm" />
			<Add library="gdi32" />
			<Add directory="C:/Program Files/CodeBlocks/MinGW/lib" />
		</Linker>
		<Unit filename="escena/escenaUno.cpp" />
		<Unit filename="escena/escenaUno.h" />
		<Unit filename="main.cpp" />
		<Unit filename="objetos/carro.cpp" />
		<Unit filename="objetos/carro.h" />
		<Unit filename="objetos/arbol.cpp" />
		<Unit filename="objetos/arbol.h" />
		<Unit filename="objetos/piramide.cpp" />
		<Unit filename="objetos/piramide.h" />
		<Unit filename="utilidades/Op3D.cpp" />
		<Unit filename="utilidades/Op3D.h" />
		<Extensions />
	</Project>
</CodeBlocks_project_file>
